
Microsoft Visual Studio Solution File, Format Version 12.00
# Visual Studio Version 16
VisualStudioVersion = 16.0.31702.278
MinimumVisualStudioVersion = 10.0.40219.1
Project("{FAE04EC0-301F-11D3-BF4B-00C04F79EFBC}") = "ilo_Enkote_epiku", "ilo_Enkote_epiku.csproj", "{3AB175C2-D2D3-42D5-AFBA-DE8D9BCEAB6A}"
EndProject
Global
	GlobalSection(SolutionConfigurationPlatforms) = preSolution
		Debug|Any CPU = Debug|Any CPU
		Release|Any CPU = Release|Any CPU
	EndGlobalSection
	GlobalSection(ProjectConfigurationPlatforms) = postSolution
		{3AB175C2-D2D3-42D5-AFBA-DE8D9BCEAB6A}.Debug|Any CPU.ActiveCfg = Debug|Any CPU
		{3AB175C2-D2D3-42D5-AFBA-DE8D9BCEAB6A}.Debug|Any CPU.Build.0 = Debug|Any CPU
		{3AB175C2-D2D3-42D5-AFBA-DE8D9BCEAB6A}.Release|Any CPU.ActiveCfg = Release|Any CPU
		{3AB175C2-D2D3-42D5-AFBA-DE8D9BCEAB6A}.Release|Any CPU.Build.0 = Release|Any CPU
	EndGlobalSection
	GlobalSection(SolutionProperties) = preSolution
		HideSolutionNode = FALSE
	EndGlobalSection
	GlobalSection(ExtensibilityGlobals) = postSolution
		SolutionGuid = {85ACE8B4-C908-4728-8ECF-9DAD37B9C8C9}
	EndGlobalSection
EndGlobal
